// !$*UTF8*$!
{
	archiveVersion = 1;
	classes = {
	};
	objectVersion = 46;
	objects = {

/* Begin PBXBuildFile section */
		2E2B9C4B1E552F4E0036B8D8 /* AppDelegate.swift in Sources */ = {isa = PBXBuildFile; fileRef = 2E2B9C4A1E552F4E0036B8D8 /* AppDelegate.swift */; };
		2E2B9C4D1E552F4E0036B8D8 /* ViewController.swift in Sources */ = {isa = PBXBuildFile; fileRef = 2E2B9C4C1E552F4E0036B8D8 /* ViewController.swift */; };
		2E2B9C501E552F4E0036B8D8 /* Main.storyboard in Resources */ = {isa = PBXBuildFile; fileRef = 2E2B9C4E1E552F4E0036B8D8 /* Main.storyboard */; };
		2E2B9C521E552F4E0036B8D8 /* Assets.xcassets in Resources */ = {isa = PBXBuildFile; fileRef = 2E2B9C511E552F4E0036B8D8 /* Assets.xcassets */; };
		2E2B9C551E552F4E0036B8D8 /* LaunchScreen.storyboard in Resources */ = {isa = PBXBuildFile; fileRef = 2E2B9C531E552F4E0036B8D8 /* LaunchScreen.storyboard */; };
/* End PBXBuildFile section */

/* Begin PBXFileReference section */
		2E2B9C471E552F4E0036B8D8 /* lab4.app */ = {isa = PBXFileReference; explicitFileType = wrapper.application; includeInIndex = 0; path = lab4.app; sourceTree = BUILT_PRODUCTS_DIR; };
		2E2B9C4A1E552F4E0036B8D8 /* AppDelegate.swift */ = {isa = PBXFileReference; lastKnownFileType = sourcecode.swift; path = AppDelegate.swift; sourceTree = "<group>"; };
		2E2B9C4C1E552F4E0036B8D8 /* ViewController.swift */ = {isa = PBXFileReference; lastKnownFileType = sourcecode.swift; path = ViewController.swift; sourceTree = "<group>"; };
		2E2B9C4F1E552F4E0036B8D8 /* Base */ = {isa = PBXFileReference; lastKnownFileType = file.storyboard; name = Base; path = Base.lproj/Main.storyboard; sourceTree = "<group>"; };
		2E2B9C511E552F4E0036B8D8 /* Assets.xcassets */ = {isa = PBXFileReference; lastKnownFileType = folder.assetcatalog; path = Assets.xcassets; sourceTree = "<group>"; };
		2E2B9C541E552F4E0036B8D8 /* Base */ = {isa = PBXFileReference; lastKnownFileType = file.storyboard; name = Base; path = Base.lproj/LaunchScreen.storyboard; sourceTree = "<group>"; };
		2E2B9C561E552F4E0036B8D8 /* Info.plist */ = {isa = PBXFileReference; lastKnownFileType = text.plist.xml; path = Info.plist; sourceTree = "<group>"; };
/* End PBXFileReference section */

/* Begin PBXFrameworksBuildPhase section */
		2E2B9C441E552F4E0036B8D8 /* Frameworks */ = {
			isa = PBXFrameworksBuildPhase;
			buildActionMask = 2147483647;
			files = (
			);
			runOnlyForDeploymentPostprocessing = 0;
		};
/* End PBXFrameworksBuildPhase section */

/* Begin PBXGroup section */
		2E2B9C3E1E552F4E0036B8D8 = {
			isa = PBXGroup;
			children = (
				2E2B9C491E552F4E0036B8D8 /* lab4 */,
				2E2B9C481E552F4E0036B8D8 /* Products */,
			);
			sourceTree = "<group>";
		};
		2E2B9C481E552F4E0036B8D8 /* Products */ = {
			isa = PBXGroup;
			children = (
				2E2B9C471E552F4E0036B8D8 /* lab4.app */,
			);
			name = Products;
			sourceTree = "<group>";
		};
		2E2B9C491E552F4E0036B8D8 /* lab4 */ = {
			isa = PBXGroup;
			children = (
				2E2B9C4A1E552F4E0036B8D8 /* AppDelegate.swift */,
				2E2B9C4C1E552F4E0036B8D8 /* ViewController.swift */,
				2E2B9C4E1E552F4E0036B8D8 /* Main.storyboard */,
				2E2B9C511E552F4E0036B8D8 /* Assets.xcassets */,
				2E2B9C531E552F4E0036B8D8 /* LaunchScreen.storyboard */,
				2E2B9C561E552F4E0036B8D8 /* Info.plist */,
			);
			path = lab4;
			sourceTree = "<group>";
		};
/* End PBXGroup section */

/* Begin PBXNativeTarget section */
		2E2B9C461E552F4E0036B8D8 /* lab4 */ = {
			isa = PBXNativeTarget;
			buildConfigurationList = 2E2B9C591E552F4E0036B8D8 /* Build configuration list for PBXNativeTarget "lab4" */;
			buildPhases = (
				2E2B9C431E552F4E0036B8D8 /* Sources */,
				2E2B9C441E552F4E0036B8D8 /* Frameworks */,
				2E2B9C451E552F4E0036B8D8 /* Resources */,
			);
			buildRules = (
			);
			dependencies = (
			);
			name = lab4;
			productName = lab4;
			productReference = 2E2B9C471E552F4E0036B8D8 /* lab4.app */;
			productType = "com.apple.product-type.application";
		};
/* End PBXNativeTarget section */

/* Begin PBXProject section */
		2E2B9C3F1E552F4E0036B8D8 /* Project object */ = {
			isa = PBXProject;
			attributes = {
				LastSwiftUpdateCheck = 0820;
				LastUpgradeCheck = 0820;
				ORGANIZATIONNAME = wade;
				TargetAttributes = {
					2E2B9C461E552F4E0036B8D8 = {
						CreatedOnToolsVersion = 8.2;
						DevelopmentTeam = KAS23S927T;
						ProvisioningStyle = Automatic;
					};
				};
			};
			buildConfigurationList = 2E2B9C421E552F4E0036B8D8 /* Build configuration list for PBXProject "lab4" */;
			compatibilityVersion = "Xcode 3.2";
			developmentRegion = English;
			hasScannedForEncodings = 0;
			knownRegions = (
				en,
				Base,
			);
			mainGroup = 2E2B9C3E1E552F4E0036B8D8;
			productRefGroup = 2E2B9C481E552F4E0036B8D8 /* Products */;
			projectDirPath = "";
			projectRoot = "";
			targets = (
				2E2B9C461E552F4E0036B8D8 /* lab4 */,
			);
		};
/* End PBXProject section */

/* Begin PBXResourcesBuildPhase section */
		2E2B9C451E552F4E0036B8D8 /* Resources */ = {
			isa = PBXResourcesBuildPhase;
			buildActionMask = 2147483647;
			files = (
				2E2B9C551E552F4E0036B8D8 /* LaunchScreen.storyboard in Resources */,
				2E2B9C521E552F4E0036B8D8 /* Assets.xcassets in Resources */,
				2E2B9C501E552F4E0036B8D8 /* Main.storyboard in Resources */,
			);
			runOnlyForDeploymentPostprocessing = 0;
		};
/* End PBXResourcesBuildPhase section */

/* Begin PBXSourcesBuildPhase section */
		2E2B9C431E552F4E0036B8D8 /* Sources */ = {
			isa = PBXSourcesBuildPhase;
			buildActionMask = 2147483647;
			files = (
				2E2B9C4D1E552F4E0036B8D8 /* ViewController.swift in Sources */,
				2E2B9C4B1E552F4E0036B8D8 /* AppDelegate.swift in Sources */,
			);
			runOnlyForDeploymentPostprocessing = 0;
		};
/* End PBXSourcesBuildPhase section */

/* Begin PBXVariantGroup section */
		2E2B9C4E1E552F4E0036B8D8 /* Main.storyboard */ = {
			isa = PBXVariantGroup;
			children = (
				2E2B9C4F1E552F4E0036B8D8 /* Base */,
			);
			name = Main.storyboard;
			sourceTree = "<group>";
		};
		2E2B9C531E552F4E0036B8D8 /* LaunchScreen.storyboard */ = {
			isa = PBXVariantGroup;
			children = (
				2E2B9C541E552F4E0036B8D8 /* Base */,
			);
			name = LaunchScreen.storyboard;
			sourceTree = "<group>";
		};
/* End PBXVariantGroup section */

/* Begin XCBuildConfiguration section */
		2E2B9C571E552F4E0036B8D8 /* Debug */ = {
			isa = XCBuildConfiguration;
			buildSettings = {
				ALWAYS_SEARCH_USER_PATHS = NO;
				CLANG_ANALYZER_NONNULL = YES;
				CLANG_CXX_LANGUAGE_STANDARD = "gnu++0x";
				CLANG_CXX_LIBRARY = "libc++";
				CLANG_ENABLE_MODULES = YES;
				CLANG_ENABLE_OBJC_ARC = YES;
				CLANG_WARN_BOOL_CONVERSION = YES;
				CLANG_WARN_CONSTANT_CONVERSION = YES;
				CLANG_WARN_DIRECT_OBJC_ISA_USAGE = YES_ERROR;
				CLANG_WARN_DOCUMENTATION_COMMENTS = YES;
				CLANG_WARN_EMPTY_BODY = YES;
				CLANG_WARN_ENUM_CONVERSION = YES;
				CLANG_WARN_INFINITE_RECURSION = YES;
				CLANG_WARN_INT_CONVERSION = YES;
				CLANG_WARN_OBJC_ROOT_CLASS = YES_ERROR;
				CLANG_WARN_SUSPICIOUS_MOVE = YES;
				CLANG_WARN_UNREACHABLE_CODE = YES;
				CLANG_WARN__DUPLICATE_METHOD_MATCH = YES;
				"CODE_SIGN_IDENTITY[sdk=iphoneos*]" = "iPhone Developer";
				COPY_PHASE_STRIP = NO;
				DEBUG_INFORMATION_FORMAT = dwarf;
				ENABLE_STRICT_OBJC_MSGSEND = YES;
				ENABLE_TESTABILITY = YES;
				GCC_C_LANGUAGE_STANDARD = gnu99;
				GCC_DYNAMIC_NO_PIC = NO;
				GCC_NO_COMMON_BLOCKS = YES;
				GCC_OPTIMIZATION_LEVEL = 0;
				GCC_PREPROCESSOR_DEFINITIONS = (
					"DEBUG=1",
					"$(inherited)",
				);
				GCC_WARN_64_TO_32_BIT_CONVERSION = YES;
				GCC_WARN_ABOUT_RETURN_TYPE = YES_ERROR;
				GCC_WARN_UNDECLARED_SELECTOR = YES;
				GCC_WARN_UNINITIALIZED_AUTOS = YES_AGGRESSIVE;
				GCC_WARN_UNUSED_FUNCTION = YES;
				GCC_WARN_UNUSED_VARIABLE = YES;
				IPHONEOS_DEPLOYMENT_TARGET = 10.2;
				MTL_ENABLE_DEBUG_INFO = YES;
				ONLY_ACTIVE_ARCH = YES;
				SDKROOT = iphoneos;
				SWIFT_ACTIVE_COMPILATION_CONDITIONS = DEBUG;
				SWIFT_OPTIMIZATION_LEVEL = "-Onone";
			};
			name = Debug;
		};
		2E2B9C581E552F4E0036B8D8 /* Release */ = {
			isa = XCBuildConfiguration;
			buildSettings = {
				ALWAYS_SEARCH_USER_PATHS = NO;
				CLANG_ANALYZER_NONNULL = YES;
				CLANG_CXX_LANGUAGE_STANDARD = "gnu++0x";
				CLANG_CXX_LIBRARY = "libc++";
				CLANG_ENABLE_MODULES = YES;
				CLANG_ENABLE_OBJC_ARC = YES;
				CLANG_WARN_BOOL_CONVERSION = YES;
				CLANG_WARN_CONSTANT_CONVERSION = YES;
				CLANG_WARN_DIRECT_OBJC_ISA_USAGE = YES_ERROR;
				CLANG_WARN_DOCUMENTATION_COMMENTS = YES;
				CLANG_WARN_EMPTY_BODY = YES;
				CLANG_WARN_ENUM_CONVERSION = YES;
				CLANG_WARN_INFINITE_RECURSION = YES;
				CLANG_WARN_INT_CONVERSION = YES;
				CLANG_WARN_OBJC_ROOT_CLASS = YES_ERROR;
				CLANG_WARN_SUSPICIOUS_MOVE = YES;
				CLANG_WARN_UNREACHABLE_CODE = YES;
				CLANG_WARN__DUPLICATE_METHOD_MATCH = YES;
				"CODE_SIGN_IDENTITY[sdk=iphoneos*]" = "iPhone Developer";
				COPY_PHASE_STRIP = NO;
				DEBUG_INFORMATION_FORMAT = "dwarf-with-dsym";
				ENABLE_NS_ASSERTIONS = NO;
				ENABLE_STRICT_OBJC_MSGSEND = YES;
				GCC_C_LANGUAGE_STANDARD = gnu99;
				GCC_NO_COMMON_BLOCKS = YES;
				GCC_WARN_64_TO_32_BIT_CONVERSION = YES;
				GCC_WARN_ABOUT_RETURN_TYPE = YES_ERROR;
				GCC_WARN_UNDECLARED_SELECTOR = YES;
				GCC_WARN_UNINITIALIZED_AUTOS = YES_AGGRESSIVE;
				GCC_WARN_UNUSED_FUNCTION = YES;
				GCC_WARN_UNUSED_VARIABLE = YES;
				IPHONEOS_DEPLOYMENT_TARGET = 10.2;
				MTL_ENABLE_DEBUG_INFO = NO;
				SDKROOT = iphoneos;
				SWIFT_OPTIMIZATION_LEVEL = "-Owholemodule";
				VALIDATE_PRODUCT = YES;
			};
			name = Release;
		};
		2E2B9C5A1E552F4E0036B8D8 /* Debug */ = {
			isa = XCBuildConfiguration;
			buildSettings = {
				ASSETCATALOG_COMPILER_APPICON_NAME = AppIcon;
				DEVELOPMENT_TEAM = KAS23S927T;
				INFOPLIST_FILE = lab4/Info.plist;
				LD_RUNPATH_SEARCH_PATHS = "$(inherited) @executable_path/Frameworks";
				PRODUCT_BUNDLE_IDENTIFIER = com.wade.lab4;
				PRODUCT_NAME = "$(TARGET_NAME)";
				SWIFT_VERSION = 3.0;
			};
			name = Debug;
		};
		2E2B9C5B1E552F4E0036B8D8 /* Release */ = {
			isa = XCBuildConfiguration;
			buildSettings = {
				ASSETCATALOG_COMPILER_APPICON_NAME = AppIcon;
				DEVELOPMENT_TEAM = KAS23S927T;
				INFOPLIST_FILE = lab4/Info.plist;
				LD_RUNPATH_SEARCH_PATHS = "$(inherited) @executable_path/Frameworks";
				PRODUCT_BUNDLE_IDENTIFIER = com.wade.lab4;
				PRODUCT_NAME = "$(TARGET_NAME)";
				SWIFT_VERSION = 3.0;
			};
			name = Release;
		};
/* End XCBuildConfiguration section */

/* Begin XCConfigurationList section */
		2E2B9C421E552F4E0036B8D8 /* Build configuration list for PBXProject "lab4" */ = {
			isa = XCConfigurationList;
			buildConfigurations = (
				2E2B9C571E552F4E0036B8D8 /* Debug */,
				2E2B9C581E552F4E0036B8D8 /* Release */,
			);
			defaultConfigurationIsVisible = 0;
			defaultConfigurationName = Release;
		};
		2E2B9C591E552F4E0036B8D8 /* Build configuration list for PBXNativeTarget "lab4" */ = {
			isa = XCConfigurationList;
			buildConfigurations = (
				2E2B9C5A1E552F4E0036B8D8 /* Debug */,
				2E2B9C5B1E552F4E0036B8D8 /* Release */,
			);
			defaultConfigurationIsVisible = 0;
		};
/* End XCConfigurationList section */
	};
	rootObject = 2E2B9C3F1E552F4E0036B8D8 /* Project object */;
}
